// !$*UTF8*$!
{
	archiveVersion = 1;
	classes = {
	};
	objectVersion = 46;
	objects = {

/* Begin PBXBuildFile section */
		41D8D728164F0218006631DA /* UIKit.framework in Frameworks */ = {isa = PBXBuildFile; fileRef = 41D8D727164F0218006631DA /* UIKit.framework */; };
		41D8D72A164F0218006631DA /* Foundation.framework in Frameworks */ = {isa = PBXBuildFile; fileRef = 41D8D729164F0218006631DA /* Foundation.framework */; };
		41D8D72C164F0218006631DA /* CoreGraphics.framework in Frameworks */ = {isa = PBXBuildFile; fileRef = 41D8D72B164F0218006631DA /* CoreGraphics.framework */; };
		41D8D732164F0218006631DA /* InfoPlist.strings in Resources */ = {isa = PBXBuildFile; fileRef = 41D8D730164F0218006631DA /* InfoPlist.strings */; };
		41D8D734164F0218006631DA /* main.m in Sources */ = {isa = PBXBuildFile; fileRef = 41D8D733164F0218006631DA /* main.m */; };
		41D8D738164F0218006631DA /* AppDelegate.m in Sources */ = {isa = PBXBuildFile; fileRef = 41D8D737164F0218006631DA /* AppDelegate.m */; };
		41D8D73A164F0218006631DA /* Default.png in Resources */ = {isa = PBXBuildFile; fileRef = 41D8D739164F0218006631DA /* Default.png */; };
		41D8D73C164F0218006631DA /* Default@2x.png in Resources */ = {isa = PBXBuildFile; fileRef = 41D8D73B164F0218006631DA /* Default@2x.png */; };
		41D8D73E164F0218006631DA /* Default-568h@2x.png in Resources */ = {isa = PBXBuildFile; fileRef = 41D8D73D164F0218006631DA /* Default-568h@2x.png */; };
		41D8D741164F0218006631DA /* MainStoryboard_iPhone.storyboard in Resources */ = {isa = PBXBuildFile; fileRef = 41D8D73F164F0218006631DA /* MainStoryboard_iPhone.storyboard */; };
		41D8D744164F0218006631DA /* MainStoryboard_iPad.storyboard in Resources */ = {isa = PBXBuildFile; fileRef = 41D8D742164F0218006631DA /* MainStoryboard_iPad.storyboard */; };
		41D8D747164F0218006631DA /* MasterViewController.m in Sources */ = {isa = PBXBuildFile; fileRef = 41D8D746164F0218006631DA /* MasterViewController.m */; };
		41D8D74A164F0218006631DA /* DetailViewController.m in Sources */ = {isa = PBXBuildFile; fileRef = 41D8D749164F0218006631DA /* DetailViewController.m */; };
		41D8D752164F0218006631DA /* SenTestingKit.framework in Frameworks */ = {isa = PBXBuildFile; fileRef = 41D8D751164F0218006631DA /* SenTestingKit.framework */; };
		41D8D753164F0218006631DA /* UIKit.framework in Frameworks */ = {isa = PBXBuildFile; fileRef = 41D8D727164F0218006631DA /* UIKit.framework */; };
		41D8D754164F0218006631DA /* Foundation.framework in Frameworks */ = {isa = PBXBuildFile; fileRef = 41D8D729164F0218006631DA /* Foundation.framework */; };
		41D8D75C164F0218006631DA /* InfoPlist.strings in Resources */ = {isa = PBXBuildFile; fileRef = 41D8D75A164F0218006631DA /* InfoPlist.strings */; };
		41D8D75F164F0218006631DA /* TestTests.m in Sources */ = {isa = PBXBuildFile; fileRef = 41D8D75E164F0218006631DA /* TestTests.m */; };
/* End PBXBuildFile section */

/* Begin PBXContainerItemProxy section */
		41D8D755164F0218006631DA /* PBXContainerItemProxy */ = {
			isa = PBXContainerItemProxy;
			containerPortal = 41D8D71A164F0218006631DA /* Project object */;
			proxyType = 1;
			remoteGlobalIDString = 41D8D722164F0218006631DA;
			remoteInfo = Test;
		};
/* End PBXContainerItemProxy section */

/* Begin PBXFileReference section */
		41D8D723164F0218006631DA /* Test.app */ = {isa = PBXFileReference; explicitFileType = wrapper.application; includeInIndex = 0; path = Test.app; sourceTree = BUILT_PRODUCTS_DIR; };
		41D8D727164F0218006631DA /* UIKit.framework */ = {isa = PBXFileReference; lastKnownFileType = wrapper.framework; name = UIKit.framework; path = System/Library/Frameworks/UIKit.framework; sourceTree = SDKROOT; };
		41D8D729164F0218006631DA /* Foundation.framework */ = {isa = PBXFileReference; lastKnownFileType = wrapper.framework; name = Foundation.framework; path = System/Library/Frameworks/Foundation.framework; sourceTree = SDKROOT; };
		41D8D72B164F0218006631DA /* CoreGraphics.framework */ = {isa = PBXFileReference; lastKnownFileType = wrapper.framework; name = CoreGraphics.framework; path = System/Library/Frameworks/CoreGraphics.framework; sourceTree = SDKROOT; };
		41D8D72F164F0218006631DA /* Test-Info.plist */ = {isa = PBXFileReference; lastKnownFileType = text.plist.xml; path = "Test-Info.plist"; sourceTree = "<group>"; };
		41D8D731164F0218006631DA /* en */ = {isa = PBXFileReference; lastKnownFileType = text.plist.strings; name = en; path = en.lproj/InfoPlist.strings; sourceTree = "<group>"; };
		41D8D733164F0218006631DA /* main.m */ = {isa = PBXFileReference; lastKnownFileType = sourcecode.c.objc; path = main.m; sourceTree = "<group>"; };
		41D8D735164F0218006631DA /* Test-Prefix.pch */ = {isa = PBXFileReference; lastKnownFileType = sourcecode.c.h; path = "Test-Prefix.pch"; sourceTree = "<group>"; };
		41D8D736164F0218006631DA /* AppDelegate.h */ = {isa = PBXFileReference; lastKnownFileType = sourcecode.c.h; path = AppDelegate.h; sourceTree = "<group>"; };
		41D8D737164F0218006631DA /* AppDelegate.m */ = {isa = PBXFileReference; lastKnownFileType = sourcecode.c.objc; path = AppDelegate.m; sourceTree = "<group>"; };
		41D8D739164F0218006631DA /* Default.png */ = {isa = PBXFileReference; lastKnownFileType = image.png; path = Default.png; sourceTree = "<group>"; };
		41D8D73B164F0218006631DA /* Default@2x.png */ = {isa = PBXFileReference; lastKnownFileType = image.png; path = "Default@2x.png"; sourceTree = "<group>"; };
		41D8D73D164F0218006631DA /* Default-568h@2x.png */ = {isa = PBXFileReference; lastKnownFileType = image.png; path = "Default-568h@2x.png"; sourceTree = "<group>"; };
		41D8D740164F0218006631DA /* en */ = {isa = PBXFileReference; lastKnownFileType = file.storyboard; name = en; path = en.lproj/MainStoryboard_iPhone.storyboard; sourceTree = "<group>"; };
		41D8D743164F0218006631DA /* en */ = {isa = PBXFileReference; lastKnownFileType = file.storyboard; name = en; path = en.lproj/MainStoryboard_iPad.storyboard; sourceTree = "<group>"; };
		41D8D745164F0218006631DA /* MasterViewController.h */ = {isa = PBXFileReference; lastKnownFileType = sourcecode.c.h; path = MasterViewController.h; sourceTree = "<group>"; };
		41D8D746164F0218006631DA /* MasterViewController.m */ = {isa = PBXFileReference; lastKnownFileType = sourcecode.c.objc; path = MasterViewController.m; sourceTree = "<group>"; };
		41D8D748164F0218006631DA /* DetailViewController.h */ = {isa = PBXFileReference; lastKnownFileType = sourcecode.c.h; path = DetailViewController.h; sourceTree = "<group>"; };
		41D8D749164F0218006631DA /* DetailViewController.m */ = {isa = PBXFileReference; lastKnownFileType = sourcecode.c.objc; path = DetailViewController.m; sourceTree = "<group>"; };
		41D8D750164F0218006631DA /* TestTests.octest */ = {isa = PBXFileReference; explicitFileType = wrapper.cfbundle; includeInIndex = 0; path = TestTests.octest; sourceTree = BUILT_PRODUCTS_DIR; };
		41D8D751164F0218006631DA /* SenTestingKit.framework */ = {isa = PBXFileReference; lastKnownFileType = wrapper.framework; name = SenTestingKit.framework; path = Library/Frameworks/SenTestingKit.framework; sourceTree = DEVELOPER_DIR; };
		41D8D759164F0218006631DA /* TestTests-Info.plist */ = {isa = PBXFileReference; lastKnownFileType = text.plist.xml; path = "TestTests-Info.plist"; sourceTree = "<group>"; };
		41D8D75B164F0218006631DA /* en */ = {isa = PBXFileReference; lastKnownFileType = text.plist.strings; name = en; path = en.lproj/InfoPlist.strings; sourceTree = "<group>"; };
		41D8D75D164F0218006631DA /* TestTests.h */ = {isa = PBXFileReference; lastKnownFileType = sourcecode.c.h; path = TestTests.h; sourceTree = "<group>"; };
		41D8D75E164F0218006631DA /* TestTests.m */ = {isa = PBXFileReference; lastKnownFileType = sourcecode.c.objc; path = TestTests.m; sourceTree = "<group>"; };
/* End PBXFileReference section */

/* Begin PBXFrameworksBuildPhase section */
		41D8D720164F0218006631DA /* Frameworks */ = {
			isa = PBXFrameworksBuildPhase;
			buildActionMask = 2147483647;
			files = (
				41D8D728164F0218006631DA /* UIKit.framework in Frameworks */,
				41D8D72A164F0218006631DA /* Foundation.framework in Frameworks */,
				41D8D72C164F0218006631DA /* CoreGraphics.framework in Frameworks */,
			);
			runOnlyForDeploymentPostprocessing = 0;
		};
		41D8D74C164F0218006631DA /* Frameworks */ = {
			isa = PBXFrameworksBuildPhase;
			buildActionMask = 2147483647;
			files = (
				41D8D752164F0218006631DA /* SenTestingKit.framework in Frameworks */,
				41D8D753164F0218006631DA /* UIKit.framework in Frameworks */,
				41D8D754164F0218006631DA /* Foundation.framework in Frameworks */,
			);
			runOnlyForDeploymentPostprocessing = 0;
		};
/* End PBXFrameworksBuildPhase section */

/* Begin PBXGroup section */
		41D8D718164F0218006631DA = {
			isa = PBXGroup;
			children = (
				41D8D72D164F0218006631DA /* Test */,
				41D8D757164F0218006631DA /* TestTests */,
				41D8D726164F0218006631DA /* Frameworks */,
				41D8D724164F0218006631DA /* Products */,
			);
			sourceTree = "<group>";
		};
		41D8D724164F0218006631DA /* Products */ = {
			isa = PBXGroup;
			children = (
				41D8D723164F0218006631DA /* Test.app */,
				41D8D750164F0218006631DA /* TestTests.octest */,
			);
			name = Products;
			sourceTree = "<group>";
		};
		41D8D726164F0218006631DA /* Frameworks */ = {
			isa = PBXGroup;
			children = (
				41D8D727164F0218006631DA /* UIKit.framework */,
				41D8D729164F0218006631DA /* Foundation.framework */,
				41D8D72B164F0218006631DA /* CoreGraphics.framework */,
				41D8D751164F0218006631DA /* SenTestingKit.framework */,
			);
			name = Frameworks;
			sourceTree = "<group>";
		};
		41D8D72D164F0218006631DA /* Test */ = {
			isa = PBXGroup;
			children = (
				41D8D736164F0218006631DA /* AppDelegate.h */,
				41D8D737164F0218006631DA /* AppDelegate.m */,
				41D8D73F164F0218006631DA /* MainStoryboard_iPhone.storyboard */,
				41D8D742164F0218006631DA /* MainStoryboard_iPad.storyboard */,
				41D8D745164F0218006631DA /* MasterViewController.h */,
				41D8D746164F0218006631DA /* MasterViewController.m */,
				41D8D748164F0218006631DA /* DetailViewController.h */,
				41D8D749164F0218006631DA /* DetailViewController.m */,
				41D8D72E164F0218006631DA /* Supporting Files */,
			);
			path = Test;
			sourceTree = "<group>";
		};
		41D8D72E164F0218006631DA /* Supporting Files */ = {
			isa = PBXGroup;
			children = (
				41D8D72F164F0218006631DA /* Test-Info.plist */,
				41D8D730164F0218006631DA /* InfoPlist.strings */,
				41D8D733164F0218006631DA /* main.m */,
				41D8D735164F0218006631DA /* Test-Prefix.pch */,
				41D8D739164F0218006631DA /* Default.png */,
				41D8D73B164F0218006631DA /* Default@2x.png */,
				41D8D73D164F0218006631DA /* Default-568h@2x.png */,
			);
			name = "Supporting Files";
			sourceTree = "<group>";
		};
		41D8D757164F0218006631DA /* TestTests */ = {
			isa = PBXGroup;
			children = (
				41D8D75D164F0218006631DA /* TestTests.h */,
				41D8D75E164F0218006631DA /* TestTests.m */,
				41D8D758164F0218006631DA /* Supporting Files */,
			);
			path = TestTests;
			sourceTree = "<group>";
		};
		41D8D758164F0218006631DA /* Supporting Files */ = {
			isa = PBXGroup;
			children = (
				41D8D759164F0218006631DA /* TestTests-Info.plist */,
				41D8D75A164F0218006631DA /* InfoPlist.strings */,
			);
			name = "Supporting Files";
			sourceTree = "<group>";
		};
/* End PBXGroup section */

/* Begin PBXNativeTarget section */
		41D8D722164F0218006631DA /* Test */ = {
			isa = PBXNativeTarget;
			buildConfigurationList = 41D8D762164F0218006631DA /* Build configuration list for PBXNativeTarget "Test" */;
			buildPhases = (
				41D8D71F164F0218006631DA /* Sources */,
				41D8D720164F0218006631DA /* Frameworks */,
				41D8D721164F0218006631DA /* Resources */,
			);
			buildRules = (
			);
			dependencies = (
			);
			name = Test;
			productName = Test;
			productReference = 41D8D723164F0218006631DA /* Test.app */;
			productType = "com.apple.product-type.application";
		};
		41D8D74F164F0218006631DA /* TestTests */ = {
			isa = PBXNativeTarget;
			buildConfigurationList = 41D8D765164F0218006631DA /* Build configuration list for PBXNativeTarget "TestTests" */;
			buildPhases = (
				41D8D74B164F0218006631DA /* Sources */,
				41D8D74C164F0218006631DA /* Frameworks */,
				41D8D74D164F0218006631DA /* Resources */,
				41D8D74E164F0218006631DA /* ShellScript */,
			);
			buildRules = (
			);
			dependencies = (
				41D8D756164F0218006631DA /* PBXTargetDependency */,
			);
			name = TestTests;
			productName = TestTests;
			productReference = 41D8D750164F0218006631DA /* TestTests.octest */;
			productType = "com.apple.product-type.bundle";
		};
/* End PBXNativeTarget section */

/* Begin PBXProject section */
		41D8D71A164F0218006631DA /* Project object */ = {
			isa = PBXProject;
			attributes = {
				LastUpgradeCheck = 0450;
				ORGANIZATIONNAME = "App Jam";
			};
			buildConfigurationList = 41D8D71D164F0218006631DA /* Build configuration list for PBXProject "Test" */;
			compatibilityVersion = "Xcode 3.2";
			developmentRegion = English;
			hasScannedForEncodings = 0;
			knownRegions = (
				en,
			);
			mainGroup = 41D8D718164F0218006631DA;
			productRefGroup = 41D8D724164F0218006631DA /* Products */;
			projectDirPath = "";
			projectRoot = "";
			targets = (
				41D8D722164F0218006631DA /* Test */,
				41D8D74F164F0218006631DA /* TestTests */,
			);
		};
/* End PBXProject section */

/* Begin PBXResourcesBuildPhase section */
		41D8D721164F0218006631DA /* Resources */ = {
			isa = PBXResourcesBuildPhase;
			buildActionMask = 2147483647;
			files = (
				41D8D732164F0218006631DA /* InfoPlist.strings in Resources */,
				41D8D73A164F0218006631DA /* Default.png in Resources */,
				41D8D73C164F0218006631DA /* Default@2x.png in Resources */,
				41D8D73E164F0218006631DA /* Default-568h@2x.png in Resources */,
				41D8D741164F0218006631DA /* MainStoryboard_iPhone.storyboard in Resources */,
				41D8D744164F0218006631DA /* MainStoryboard_iPad.storyboard in Resources */,
			);
			runOnlyForDeploymentPostprocessing = 0;
		};
		41D8D74D164F0218006631DA /* Resources */ = {
			isa = PBXResourcesBuildPhase;
			buildActionMask = 2147483647;
			files = (
				41D8D75C164F0218006631DA /* InfoPlist.strings in Resources */,
			);
			runOnlyForDeploymentPostprocessing = 0;
		};
/* End PBXResourcesBuildPhase section */

/* Begin PBXShellScriptBuildPhase section */
		41D8D74E164F0218006631DA /* ShellScript */ = {
			isa = PBXShellScriptBuildPhase;
			buildActionMask = 2147483647;
			files = (
			);
			inputPaths = (
			);
			outputPaths = (
			);
			runOnlyForDeploymentPostprocessing = 0;
			shellPath = /bin/sh;
			shellScript = "# Run the unit tests in this test bundle.\n\"${SYSTEM_DEVELOPER_DIR}/Tools/RunUnitTests\"\n";
		};
/* End PBXShellScriptBuildPhase section */

/* Begin PBXSourcesBuildPhase section */
		41D8D71F164F0218006631DA /* Sources */ = {
			isa = PBXSourcesBuildPhase;
			buildActionMask = 2147483647;
			files = (
				41D8D734164F0218006631DA /* main.m in Sources */,
				41D8D738164F0218006631DA /* AppDelegate.m in Sources */,
				41D8D747164F0218006631DA /* MasterViewController.m in Sources */,
				41D8D74A164F0218006631DA /* DetailViewController.m in Sources */,
			);
			runOnlyForDeploymentPostprocessing = 0;
		};
		41D8D74B164F0218006631DA /* Sources */ = {
			isa = PBXSourcesBuildPhase;
			buildActionMask = 2147483647;
			files = (
				41D8D75F164F0218006631DA /* TestTests.m in Sources */,
			);
			runOnlyForDeploymentPostprocessing = 0;
		};
/* End PBXSourcesBuildPhase section */

/* Begin PBXTargetDependency section */
		41D8D756164F0218006631DA /* PBXTargetDependency */ = {
			isa = PBXTargetDependency;
			target = 41D8D722164F0218006631DA /* Test */;
			targetProxy = 41D8D755164F0218006631DA /* PBXContainerItemProxy */;
		};
/* End PBXTargetDependency section */

/* Begin PBXVariantGroup section */
		41D8D730164F0218006631DA /* InfoPlist.strings */ = {
			isa = PBXVariantGroup;
			children = (
				41D8D731164F0218006631DA /* en */,
			);
			name = InfoPlist.strings;
			sourceTree = "<group>";
		};
		41D8D73F164F0218006631DA /* MainStoryboard_iPhone.storyboard */ = {
			isa = PBXVariantGroup;
			children = (
				41D8D740164F0218006631DA /* en */,
			);
			name = MainStoryboard_iPhone.storyboard;
			sourceTree = "<group>";
		};
		41D8D742164F0218006631DA /* MainStoryboard_iPad.storyboard */ = {
			isa = PBXVariantGroup;
			children = (
				41D8D743164F0218006631DA /* en */,
			);
			name = MainStoryboard_iPad.storyboard;
			sourceTree = "<group>";
		};
		41D8D75A164F0218006631DA /* InfoPlist.strings */ = {
			isa = PBXVariantGroup;
			children = (
				41D8D75B164F0218006631DA /* en */,
			);
			name = InfoPlist.strings;
			sourceTree = "<group>";
		};
/* End PBXVariantGroup section */

/* Begin XCBuildConfiguration section */
		41D8D760164F0218006631DA /* Debug */ = {
			isa = XCBuildConfiguration;
			buildSettings = {
				ALWAYS_SEARCH_USER_PATHS = NO;
				CLANG_CXX_LANGUAGE_STANDARD = "gnu++0x";
				CLANG_CXX_LIBRARY = "libc++";
				CLANG_ENABLE_OBJC_ARC = YES;
				CLANG_WARN_EMPTY_BODY = YES;
				CLANG_WARN__DUPLICATE_METHOD_MATCH = YES;
				"CODE_SIGN_IDENTITY[sdk=iphoneos*]" = "iPhone Developer";
				COPY_PHASE_STRIP = NO;
				GCC_C_LANGUAGE_STANDARD = gnu99;
				GCC_DYNAMIC_NO_PIC = NO;
				GCC_OPTIMIZATION_LEVEL = 0;
				GCC_PREPROCESSOR_DEFINITIONS = (
					"DEBUG=1",
					"$(inherited)",
				);
				GCC_SYMBOLS_PRIVATE_EXTERN = NO;
				GCC_WARN_ABOUT_RETURN_TYPE = YES;
				GCC_WARN_UNINITIALIZED_AUTOS = YES;
				GCC_WARN_UNUSED_VARIABLE = YES;
				IPHONEOS_DEPLOYMENT_TARGET = 6.0;
				ONLY_ACTIVE_ARCH = YES;
				SDKROOT = iphoneos;
				TARGETED_DEVICE_FAMILY = "1,2";
			};
			name = Debug;
		};
		41D8D761164F0218006631DA /* Release */ = {
			isa = XCBuildConfiguration;
			buildSettings = {
				ALWAYS_SEARCH_USER_PATHS = NO;
				CLANG_CXX_LANGUAGE_STANDARD = "gnu++0x";
				CLANG_CXX_LIBRARY = "libc++";
				CLANG_ENABLE_OBJC_ARC = YES;
				CLANG_WARN_EMPTY_BODY = YES;
				CLANG_WARN__DUPLICATE_METHOD_MATCH = YES;
				"CODE_SIGN_IDENTITY[sdk=iphoneos*]" = "iPhone Developer";
				COPY_PHASE_STRIP = YES;
				GCC_C_LANGUAGE_STANDARD = gnu99;
				GCC_WARN_ABOUT_RETURN_TYPE = YES;
				GCC_WARN_UNINITIALIZED_AUTOS = YES;
				GCC_WARN_UNUSED_VARIABLE = YES;
				IPHONEOS_DEPLOYMENT_TARGET = 6.0;
				OTHER_CFLAGS = "-DNS_BLOCK_ASSERTIONS=1";
				SDKROOT = iphoneos;
				TARGETED_DEVICE_FAMILY = "1,2";
				VALIDATE_PRODUCT = YES;
			};
			name = Release;
		};
		41D8D763164F0218006631DA /* Debug */ = {
			isa = XCBuildConfiguration;
			buildSettings = {
				GCC_PRECOMPILE_PREFIX_HEADER = YES;
				GCC_PREFIX_HEADER = "Test/Test-Prefix.pch";
				INFOPLIST_FILE = "Test/Test-Info.plist";
				PRODUCT_NAME = "$(TARGET_NAME)";
				WRAPPER_EXTENSION = app;
			};
			name = Debug;
		};
		41D8D764164F0218006631DA /* Release */ = {
			isa = XCBuildConfiguration;
			buildSettings = {
				GCC_PRECOMPILE_PREFIX_HEADER = YES;
				GCC_PREFIX_HEADER = "Test/Test-Prefix.pch";
				INFOPLIST_FILE = "Test/Test-Info.plist";
				PRODUCT_NAME = "$(TARGET_NAME)";
				WRAPPER_EXTENSION = app;
			};
			name = Release;
		};
		41D8D766164F0218006631DA /* Debug */ = {
			isa = XCBuildConfiguration;
			buildSettings = {
				BUNDLE_LOADER = "$(BUILT_PRODUCTS_DIR)/Test.app/Test";
				FRAMEWORK_SEARCH_PATHS = (
					"\"$(SDKROOT)/Developer/Library/Frameworks\"",
					"\"$(DEVELOPER_LIBRARY_DIR)/Frameworks\"",
				);
				GCC_PRECOMPILE_PREFIX_HEADER = YES;
				GCC_PREFIX_HEADER = "Test/Test-Prefix.pch";
				INFOPLIST_FILE = "TestTests/TestTests-Info.plist";
				PRODUCT_NAME = "$(TARGET_NAME)";
				TEST_HOST = "$(BUNDLE_LOADER)";
				WRAPPER_EXTENSION = octest;
			};
			name = Debug;
		};
		41D8D767164F0218006631DA /* Release */ = {
			isa = XCBuildConfiguration;
			buildSettings = {
				BUNDLE_LOADER = "$(BUILT_PRODUCTS_DIR)/Test.app/Test";
				FRAMEWORK_SEARCH_PATHS = (
					"\"$(SDKROOT)/Developer/Library/Frameworks\"",
					"\"$(DEVELOPER_LIBRARY_DIR)/Frameworks\"",
				);
				GCC_PRECOMPILE_PREFIX_HEADER = YES;
				GCC_PREFIX_HEADER = "Test/Test-Prefix.pch";
				INFOPLIST_FILE = "TestTests/TestTests-Info.plist";
				PRODUCT_NAME = "$(TARGET_NAME)";
				TEST_HOST = "$(BUNDLE_LOADER)";
				WRAPPER_EXTENSION = octest;
			};
			name = Release;
		};
/* End XCBuildConfiguration section */

/* Begin XCConfigurationList section */
		41D8D71D164F0218006631DA /* Build configuration list for PBXProject "Test" */ = {
			isa = XCConfigurationList;
			buildConfigurations = (
				41D8D760164F0218006631DA /* Debug */,
				41D8D761164F0218006631DA /* Release */,
			);
			defaultConfigurationIsVisible = 0;
			defaultConfigurationName = Release;
		};
		41D8D762164F0218006631DA /* Build configuration list for PBXNativeTarget "Test" */ = {
			isa = XCConfigurationList;
			buildConfigurations = (
				41D8D763164F0218006631DA /* Debug */,
				41D8D764164F0218006631DA /* Release */,
			);
			defaultConfigurationIsVisible = 0;
		};
		41D8D765164F0218006631DA /* Build configuration list for PBXNativeTarget "TestTests" */ = {
			isa = XCConfigurationList;
			buildConfigurations = (
				41D8D766164F0218006631DA /* Debug */,
				41D8D767164F0218006631DA /* Release */,
			);
			defaultConfigurationIsVisible = 0;
		};
/* End XCConfigurationList section */
	};
	rootObject = 41D8D71A164F0218006631DA /* Project object */;
}
