// !$*UTF8*$!
{
	archiveVersion = 1;
	classes = {
	};
	objectVersion = 46;
	objects = {

/* Begin PBXBuildFile section */
		A92847CE16505B52008CD998 /* UIKit.framework in Frameworks */ = {isa = PBXBuildFile; fileRef = A92847CD16505B52008CD998 /* UIKit.framework */; };
		A92847D016505B52008CD998 /* Foundation.framework in Frameworks */ = {isa = PBXBuildFile; fileRef = A92847CF16505B52008CD998 /* Foundation.framework */; };
		A92847D216505B52008CD998 /* CoreGraphics.framework in Frameworks */ = {isa = PBXBuildFile; fileRef = A92847D116505B52008CD998 /* CoreGraphics.framework */; };
		A92847D816505B52008CD998 /* InfoPlist.strings in Resources */ = {isa = PBXBuildFile; fileRef = A92847D616505B52008CD998 /* InfoPlist.strings */; };
		A92847DA16505B52008CD998 /* main.m in Sources */ = {isa = PBXBuildFile; fileRef = A92847D916505B52008CD998 /* main.m */; };
		A92847DE16505B52008CD998 /* AppDelegate.m in Sources */ = {isa = PBXBuildFile; fileRef = A92847DD16505B52008CD998 /* AppDelegate.m */; };
		A92847E016505B52008CD998 /* Default.png in Resources */ = {isa = PBXBuildFile; fileRef = A92847DF16505B52008CD998 /* Default.png */; };
		A92847E216505B52008CD998 /* Default@2x.png in Resources */ = {isa = PBXBuildFile; fileRef = A92847E116505B52008CD998 /* Default@2x.png */; };
		A92847E416505B52008CD998 /* Default-568h@2x.png in Resources */ = {isa = PBXBuildFile; fileRef = A92847E316505B52008CD998 /* Default-568h@2x.png */; };
		A92847E716505B52008CD998 /* MainStoryboard_iPhone.storyboard in Resources */ = {isa = PBXBuildFile; fileRef = A92847E516505B52008CD998 /* MainStoryboard_iPhone.storyboard */; };
		A92847EA16505B52008CD998 /* MainStoryboard_iPad.storyboard in Resources */ = {isa = PBXBuildFile; fileRef = A92847E816505B52008CD998 /* MainStoryboard_iPad.storyboard */; };
		A92847ED16505B52008CD998 /* ViewController.m in Sources */ = {isa = PBXBuildFile; fileRef = A92847EC16505B52008CD998 /* ViewController.m */; };
		A92847F516505B52008CD998 /* SenTestingKit.framework in Frameworks */ = {isa = PBXBuildFile; fileRef = A92847F416505B52008CD998 /* SenTestingKit.framework */; };
		A92847F616505B52008CD998 /* UIKit.framework in Frameworks */ = {isa = PBXBuildFile; fileRef = A92847CD16505B52008CD998 /* UIKit.framework */; };
		A92847F716505B52008CD998 /* Foundation.framework in Frameworks */ = {isa = PBXBuildFile; fileRef = A92847CF16505B52008CD998 /* Foundation.framework */; };
		A92847FF16505B52008CD998 /* InfoPlist.strings in Resources */ = {isa = PBXBuildFile; fileRef = A92847FD16505B52008CD998 /* InfoPlist.strings */; };
		A928480216505B52008CD998 /* IncidentReporTests.m in Sources */ = {isa = PBXBuildFile; fileRef = A928480116505B52008CD998 /* IncidentReporTests.m */; };
/* End PBXBuildFile section */

/* Begin PBXContainerItemProxy section */
		A92847F816505B52008CD998 /* PBXContainerItemProxy */ = {
			isa = PBXContainerItemProxy;
			containerPortal = A92847C016505B52008CD998 /* Project object */;
			proxyType = 1;
			remoteGlobalIDString = A92847C816505B52008CD998;
			remoteInfo = IncidentRepor;
		};
/* End PBXContainerItemProxy section */

/* Begin PBXFileReference section */
		A92847C916505B52008CD998 /* IncidentRepor.app */ = {isa = PBXFileReference; explicitFileType = wrapper.application; includeInIndex = 0; path = IncidentRepor.app; sourceTree = BUILT_PRODUCTS_DIR; };
		A92847CD16505B52008CD998 /* UIKit.framework */ = {isa = PBXFileReference; lastKnownFileType = wrapper.framework; name = UIKit.framework; path = System/Library/Frameworks/UIKit.framework; sourceTree = SDKROOT; };
		A92847CF16505B52008CD998 /* Foundation.framework */ = {isa = PBXFileReference; lastKnownFileType = wrapper.framework; name = Foundation.framework; path = System/Library/Frameworks/Foundation.framework; sourceTree = SDKROOT; };
		A92847D116505B52008CD998 /* CoreGraphics.framework */ = {isa = PBXFileReference; lastKnownFileType = wrapper.framework; name = CoreGraphics.framework; path = System/Library/Frameworks/CoreGraphics.framework; sourceTree = SDKROOT; };
		A92847D516505B52008CD998 /* IncidentRepor-Info.plist */ = {isa = PBXFileReference; lastKnownFileType = text.plist.xml; path = "IncidentRepor-Info.plist"; sourceTree = "<group>"; };
		A92847D716505B52008CD998 /* en */ = {isa = PBXFileReference; lastKnownFileType = text.plist.strings; name = en; path = en.lproj/InfoPlist.strings; sourceTree = "<group>"; };
		A92847D916505B52008CD998 /* main.m */ = {isa = PBXFileReference; lastKnownFileType = sourcecode.c.objc; path = main.m; sourceTree = "<group>"; };
		A92847DB16505B52008CD998 /* IncidentRepor-Prefix.pch */ = {isa = PBXFileReference; lastKnownFileType = sourcecode.c.h; path = "IncidentRepor-Prefix.pch"; sourceTree = "<group>"; };
		A92847DC16505B52008CD998 /* AppDelegate.h */ = {isa = PBXFileReference; lastKnownFileType = sourcecode.c.h; path = AppDelegate.h; sourceTree = "<group>"; };
		A92847DD16505B52008CD998 /* AppDelegate.m */ = {isa = PBXFileReference; lastKnownFileType = sourcecode.c.objc; path = AppDelegate.m; sourceTree = "<group>"; };
		A92847DF16505B52008CD998 /* Default.png */ = {isa = PBXFileReference; lastKnownFileType = image.png; path = Default.png; sourceTree = "<group>"; };
		A92847E116505B52008CD998 /* Default@2x.png */ = {isa = PBXFileReference; lastKnownFileType = image.png; path = "Default@2x.png"; sourceTree = "<group>"; };
		A92847E316505B52008CD998 /* Default-568h@2x.png */ = {isa = PBXFileReference; lastKnownFileType = image.png; path = "Default-568h@2x.png"; sourceTree = "<group>"; };
		A92847E616505B52008CD998 /* en */ = {isa = PBXFileReference; lastKnownFileType = file.storyboard; name = en; path = en.lproj/MainStoryboard_iPhone.storyboard; sourceTree = "<group>"; };
		A92847E916505B52008CD998 /* en */ = {isa = PBXFileReference; lastKnownFileType = file.storyboard; name = en; path = en.lproj/MainStoryboard_iPad.storyboard; sourceTree = "<group>"; };
		A92847EB16505B52008CD998 /* ViewController.h */ = {isa = PBXFileReference; lastKnownFileType = sourcecode.c.h; path = ViewController.h; sourceTree = "<group>"; };
		A92847EC16505B52008CD998 /* ViewController.m */ = {isa = PBXFileReference; lastKnownFileType = sourcecode.c.objc; path = ViewController.m; sourceTree = "<group>"; };
		A92847F316505B52008CD998 /* IncidentReporTests.octest */ = {isa = PBXFileReference; explicitFileType = wrapper.cfbundle; includeInIndex = 0; path = IncidentReporTests.octest; sourceTree = BUILT_PRODUCTS_DIR; };
		A92847F416505B52008CD998 /* SenTestingKit.framework */ = {isa = PBXFileReference; lastKnownFileType = wrapper.framework; name = SenTestingKit.framework; path = Library/Frameworks/SenTestingKit.framework; sourceTree = DEVELOPER_DIR; };
		A92847FC16505B52008CD998 /* IncidentReporTests-Info.plist */ = {isa = PBXFileReference; lastKnownFileType = text.plist.xml; path = "IncidentReporTests-Info.plist"; sourceTree = "<group>"; };
		A92847FE16505B52008CD998 /* en */ = {isa = PBXFileReference; lastKnownFileType = text.plist.strings; name = en; path = en.lproj/InfoPlist.strings; sourceTree = "<group>"; };
		A928480016505B52008CD998 /* IncidentReporTests.h */ = {isa = PBXFileReference; lastKnownFileType = sourcecode.c.h; path = IncidentReporTests.h; sourceTree = "<group>"; };
		A928480116505B52008CD998 /* IncidentReporTests.m */ = {isa = PBXFileReference; lastKnownFileType = sourcecode.c.objc; path = IncidentReporTests.m; sourceTree = "<group>"; };
/* End PBXFileReference section */

/* Begin PBXFrameworksBuildPhase section */
		A92847C616505B52008CD998 /* Frameworks */ = {
			isa = PBXFrameworksBuildPhase;
			buildActionMask = 2147483647;
			files = (
				A92847CE16505B52008CD998 /* UIKit.framework in Frameworks */,
				A92847D016505B52008CD998 /* Foundation.framework in Frameworks */,
				A92847D216505B52008CD998 /* CoreGraphics.framework in Frameworks */,
			);
			runOnlyForDeploymentPostprocessing = 0;
		};
		A92847EF16505B52008CD998 /* Frameworks */ = {
			isa = PBXFrameworksBuildPhase;
			buildActionMask = 2147483647;
			files = (
				A92847F516505B52008CD998 /* SenTestingKit.framework in Frameworks */,
				A92847F616505B52008CD998 /* UIKit.framework in Frameworks */,
				A92847F716505B52008CD998 /* Foundation.framework in Frameworks */,
			);
			runOnlyForDeploymentPostprocessing = 0;
		};
/* End PBXFrameworksBuildPhase section */

/* Begin PBXGroup section */
		A92847BE16505B52008CD998 = {
			isa = PBXGroup;
			children = (
				A92847D316505B52008CD998 /* IncidentRepor */,
				A92847FA16505B52008CD998 /* IncidentReporTests */,
				A92847CC16505B52008CD998 /* Frameworks */,
				A92847CA16505B52008CD998 /* Products */,
			);
			sourceTree = "<group>";
		};
		A92847CA16505B52008CD998 /* Products */ = {
			isa = PBXGroup;
			children = (
				A92847C916505B52008CD998 /* IncidentRepor.app */,
				A92847F316505B52008CD998 /* IncidentReporTests.octest */,
			);
			name = Products;
			sourceTree = "<group>";
		};
		A92847CC16505B52008CD998 /* Frameworks */ = {
			isa = PBXGroup;
			children = (
				A92847CD16505B52008CD998 /* UIKit.framework */,
				A92847CF16505B52008CD998 /* Foundation.framework */,
				A92847D116505B52008CD998 /* CoreGraphics.framework */,
				A92847F416505B52008CD998 /* SenTestingKit.framework */,
			);
			name = Frameworks;
			sourceTree = "<group>";
		};
		A92847D316505B52008CD998 /* IncidentRepor */ = {
			isa = PBXGroup;
			children = (
				A92847DC16505B52008CD998 /* AppDelegate.h */,
				A92847DD16505B52008CD998 /* AppDelegate.m */,
				A92847E516505B52008CD998 /* MainStoryboard_iPhone.storyboard */,
				A92847E816505B52008CD998 /* MainStoryboard_iPad.storyboard */,
				A92847EB16505B52008CD998 /* ViewController.h */,
				A92847EC16505B52008CD998 /* ViewController.m */,
				A92847D416505B52008CD998 /* Supporting Files */,
			);
			path = IncidentRepor;
			sourceTree = "<group>";
		};
		A92847D416505B52008CD998 /* Supporting Files */ = {
			isa = PBXGroup;
			children = (
				A92847D516505B52008CD998 /* IncidentRepor-Info.plist */,
				A92847D616505B52008CD998 /* InfoPlist.strings */,
				A92847D916505B52008CD998 /* main.m */,
				A92847DB16505B52008CD998 /* IncidentRepor-Prefix.pch */,
				A92847DF16505B52008CD998 /* Default.png */,
				A92847E116505B52008CD998 /* Default@2x.png */,
				A92847E316505B52008CD998 /* Default-568h@2x.png */,
			);
			name = "Supporting Files";
			sourceTree = "<group>";
		};
		A92847FA16505B52008CD998 /* IncidentReporTests */ = {
			isa = PBXGroup;
			children = (
				A928480016505B52008CD998 /* IncidentReporTests.h */,
				A928480116505B52008CD998 /* IncidentReporTests.m */,
				A92847FB16505B52008CD998 /* Supporting Files */,
			);
			path = IncidentReporTests;
			sourceTree = "<group>";
		};
		A92847FB16505B52008CD998 /* Supporting Files */ = {
			isa = PBXGroup;
			children = (
				A92847FC16505B52008CD998 /* IncidentReporTests-Info.plist */,
				A92847FD16505B52008CD998 /* InfoPlist.strings */,
			);
			name = "Supporting Files";
			sourceTree = "<group>";
		};
/* End PBXGroup section */

/* Begin PBXNativeTarget section */
		A92847C816505B52008CD998 /* IncidentRepor */ = {
			isa = PBXNativeTarget;
			buildConfigurationList = A928480516505B52008CD998 /* Build configuration list for PBXNativeTarget "IncidentRepor" */;
			buildPhases = (
				A92847C516505B52008CD998 /* Sources */,
				A92847C616505B52008CD998 /* Frameworks */,
				A92847C716505B52008CD998 /* Resources */,
			);
			buildRules = (
			);
			dependencies = (
			);
			name = IncidentRepor;
			productName = IncidentRepor;
			productReference = A92847C916505B52008CD998 /* IncidentRepor.app */;
			productType = "com.apple.product-type.application";
		};
		A92847F216505B52008CD998 /* IncidentReporTests */ = {
			isa = PBXNativeTarget;
			buildConfigurationList = A928480816505B52008CD998 /* Build configuration list for PBXNativeTarget "IncidentReporTests" */;
			buildPhases = (
				A92847EE16505B52008CD998 /* Sources */,
				A92847EF16505B52008CD998 /* Frameworks */,
				A92847F016505B52008CD998 /* Resources */,
				A92847F116505B52008CD998 /* ShellScript */,
			);
			buildRules = (
			);
			dependencies = (
				A92847F916505B52008CD998 /* PBXTargetDependency */,
			);
			name = IncidentReporTests;
			productName = IncidentReporTests;
			productReference = A92847F316505B52008CD998 /* IncidentReporTests.octest */;
			productType = "com.apple.product-type.bundle";
		};
/* End PBXNativeTarget section */

/* Begin PBXProject section */
		A92847C016505B52008CD998 /* Project object */ = {
			isa = PBXProject;
			attributes = {
				LastUpgradeCheck = 0450;
				ORGANIZATIONNAME = MedAppJam;
			};
			buildConfigurationList = A92847C316505B52008CD998 /* Build configuration list for PBXProject "IncidentRepor" */;
			compatibilityVersion = "Xcode 3.2";
			developmentRegion = English;
			hasScannedForEncodings = 0;
			knownRegions = (
				en,
			);
			mainGroup = A92847BE16505B52008CD998;
			productRefGroup = A92847CA16505B52008CD998 /* Products */;
			projectDirPath = "";
			projectRoot = "";
			targets = (
				A92847C816505B52008CD998 /* IncidentRepor */,
				A92847F216505B52008CD998 /* IncidentReporTests */,
			);
		};
/* End PBXProject section */

/* Begin PBXResourcesBuildPhase section */
		A92847C716505B52008CD998 /* Resources */ = {
			isa = PBXResourcesBuildPhase;
			buildActionMask = 2147483647;
			files = (
				A92847D816505B52008CD998 /* InfoPlist.strings in Resources */,
				A92847E016505B52008CD998 /* Default.png in Resources */,
				A92847E216505B52008CD998 /* Default@2x.png in Resources */,
				A92847E416505B52008CD998 /* Default-568h@2x.png in Resources */,
				A92847E716505B52008CD998 /* MainStoryboard_iPhone.storyboard in Resources */,
				A92847EA16505B52008CD998 /* MainStoryboard_iPad.storyboard in Resources */,
			);
			runOnlyForDeploymentPostprocessing = 0;
		};
		A92847F016505B52008CD998 /* Resources */ = {
			isa = PBXResourcesBuildPhase;
			buildActionMask = 2147483647;
			files = (
				A92847FF16505B52008CD998 /* InfoPlist.strings in Resources */,
			);
			runOnlyForDeploymentPostprocessing = 0;
		};
/* End PBXResourcesBuildPhase section */

/* Begin PBXShellScriptBuildPhase section */
		A92847F116505B52008CD998 /* ShellScript */ = {
			isa = PBXShellScriptBuildPhase;
			buildActionMask = 2147483647;
			files = (
			);
			inputPaths = (
			);
			outputPaths = (
			);
			runOnlyForDeploymentPostprocessing = 0;
			shellPath = /bin/sh;
			shellScript = "# Run the unit tests in this test bundle.\n\"${SYSTEM_DEVELOPER_DIR}/Tools/RunUnitTests\"\n";
		};
/* End PBXShellScriptBuildPhase section */

/* Begin PBXSourcesBuildPhase section */
		A92847C516505B52008CD998 /* Sources */ = {
			isa = PBXSourcesBuildPhase;
			buildActionMask = 2147483647;
			files = (
				A92847DA16505B52008CD998 /* main.m in Sources */,
				A92847DE16505B52008CD998 /* AppDelegate.m in Sources */,
				A92847ED16505B52008CD998 /* ViewController.m in Sources */,
			);
			runOnlyForDeploymentPostprocessing = 0;
		};
		A92847EE16505B52008CD998 /* Sources */ = {
			isa = PBXSourcesBuildPhase;
			buildActionMask = 2147483647;
			files = (
				A928480216505B52008CD998 /* IncidentReporTests.m in Sources */,
			);
			runOnlyForDeploymentPostprocessing = 0;
		};
/* End PBXSourcesBuildPhase section */

/* Begin PBXTargetDependency section */
		A92847F916505B52008CD998 /* PBXTargetDependency */ = {
			isa = PBXTargetDependency;
			target = A92847C816505B52008CD998 /* IncidentRepor */;
			targetProxy = A92847F816505B52008CD998 /* PBXContainerItemProxy */;
		};
/* End PBXTargetDependency section */

/* Begin PBXVariantGroup section */
		A92847D616505B52008CD998 /* InfoPlist.strings */ = {
			isa = PBXVariantGroup;
			children = (
				A92847D716505B52008CD998 /* en */,
			);
			name = InfoPlist.strings;
			sourceTree = "<group>";
		};
		A92847E516505B52008CD998 /* MainStoryboard_iPhone.storyboard */ = {
			isa = PBXVariantGroup;
			children = (
				A92847E616505B52008CD998 /* en */,
			);
			name = MainStoryboard_iPhone.storyboard;
			sourceTree = "<group>";
		};
		A92847E816505B52008CD998 /* MainStoryboard_iPad.storyboard */ = {
			isa = PBXVariantGroup;
			children = (
				A92847E916505B52008CD998 /* en */,
			);
			name = MainStoryboard_iPad.storyboard;
			sourceTree = "<group>";
		};
		A92847FD16505B52008CD998 /* InfoPlist.strings */ = {
			isa = PBXVariantGroup;
			children = (
				A92847FE16505B52008CD998 /* en */,
			);
			name = InfoPlist.strings;
			sourceTree = "<group>";
		};
/* End PBXVariantGroup section */

/* Begin XCBuildConfiguration section */
		A928480316505B52008CD998 /* Debug */ = {
			isa = XCBuildConfiguration;
			buildSettings = {
				ALWAYS_SEARCH_USER_PATHS = NO;
				CLANG_CXX_LANGUAGE_STANDARD = "gnu++0x";
				CLANG_CXX_LIBRARY = "libc++";
				CLANG_ENABLE_OBJC_ARC = YES;
				CLANG_WARN_EMPTY_BODY = YES;
				CLANG_WARN__DUPLICATE_METHOD_MATCH = YES;
				"CODE_SIGN_IDENTITY[sdk=iphoneos*]" = "iPhone Developer";
				COPY_PHASE_STRIP = NO;
				GCC_C_LANGUAGE_STANDARD = gnu99;
				GCC_DYNAMIC_NO_PIC = NO;
				GCC_OPTIMIZATION_LEVEL = 0;
				GCC_PREPROCESSOR_DEFINITIONS = (
					"DEBUG=1",
					"$(inherited)",
				);
				GCC_SYMBOLS_PRIVATE_EXTERN = NO;
				GCC_WARN_ABOUT_RETURN_TYPE = YES;
				GCC_WARN_UNINITIALIZED_AUTOS = YES;
				GCC_WARN_UNUSED_VARIABLE = YES;
				IPHONEOS_DEPLOYMENT_TARGET = 6.0;
				ONLY_ACTIVE_ARCH = YES;
				SDKROOT = iphoneos;
				TARGETED_DEVICE_FAMILY = "1,2";
			};
			name = Debug;
		};
		A928480416505B52008CD998 /* Release */ = {
			isa = XCBuildConfiguration;
			buildSettings = {
				ALWAYS_SEARCH_USER_PATHS = NO;
				CLANG_CXX_LANGUAGE_STANDARD = "gnu++0x";
				CLANG_CXX_LIBRARY = "libc++";
				CLANG_ENABLE_OBJC_ARC = YES;
				CLANG_WARN_EMPTY_BODY = YES;
				CLANG_WARN__DUPLICATE_METHOD_MATCH = YES;
				"CODE_SIGN_IDENTITY[sdk=iphoneos*]" = "iPhone Developer";
				COPY_PHASE_STRIP = YES;
				GCC_C_LANGUAGE_STANDARD = gnu99;
				GCC_WARN_ABOUT_RETURN_TYPE = YES;
				GCC_WARN_UNINITIALIZED_AUTOS = YES;
				GCC_WARN_UNUSED_VARIABLE = YES;
				IPHONEOS_DEPLOYMENT_TARGET = 6.0;
				OTHER_CFLAGS = "-DNS_BLOCK_ASSERTIONS=1";
				SDKROOT = iphoneos;
				TARGETED_DEVICE_FAMILY = "1,2";
				VALIDATE_PRODUCT = YES;
			};
			name = Release;
		};
		A928480616505B52008CD998 /* Debug */ = {
			isa = XCBuildConfiguration;
			buildSettings = {
				GCC_PRECOMPILE_PREFIX_HEADER = YES;
				GCC_PREFIX_HEADER = "IncidentRepor/IncidentRepor-Prefix.pch";
				INFOPLIST_FILE = "IncidentRepor/IncidentRepor-Info.plist";
				PRODUCT_NAME = "$(TARGET_NAME)";
				WRAPPER_EXTENSION = app;
			};
			name = Debug;
		};
		A928480716505B52008CD998 /* Release */ = {
			isa = XCBuildConfiguration;
			buildSettings = {
				GCC_PRECOMPILE_PREFIX_HEADER = YES;
				GCC_PREFIX_HEADER = "IncidentRepor/IncidentRepor-Prefix.pch";
				INFOPLIST_FILE = "IncidentRepor/IncidentRepor-Info.plist";
				PRODUCT_NAME = "$(TARGET_NAME)";
				WRAPPER_EXTENSION = app;
			};
			name = Release;
		};
		A928480916505B52008CD998 /* Debug */ = {
			isa = XCBuildConfiguration;
			buildSettings = {
				BUNDLE_LOADER = "$(BUILT_PRODUCTS_DIR)/IncidentRepor.app/IncidentRepor";
				FRAMEWORK_SEARCH_PATHS = (
					"\"$(SDKROOT)/Developer/Library/Frameworks\"",
					"\"$(DEVELOPER_LIBRARY_DIR)/Frameworks\"",
				);
				GCC_PRECOMPILE_PREFIX_HEADER = YES;
				GCC_PREFIX_HEADER = "IncidentRepor/IncidentRepor-Prefix.pch";
				INFOPLIST_FILE = "IncidentReporTests/IncidentReporTests-Info.plist";
				PRODUCT_NAME = "$(TARGET_NAME)";
				TEST_HOST = "$(BUNDLE_LOADER)";
				WRAPPER_EXTENSION = octest;
			};
			name = Debug;
		};
		A928480A16505B52008CD998 /* Release */ = {
			isa = XCBuildConfiguration;
			buildSettings = {
				BUNDLE_LOADER = "$(BUILT_PRODUCTS_DIR)/IncidentRepor.app/IncidentRepor";
				FRAMEWORK_SEARCH_PATHS = (
					"\"$(SDKROOT)/Developer/Library/Frameworks\"",
					"\"$(DEVELOPER_LIBRARY_DIR)/Frameworks\"",
				);
				GCC_PRECOMPILE_PREFIX_HEADER = YES;
				GCC_PREFIX_HEADER = "IncidentRepor/IncidentRepor-Prefix.pch";
				INFOPLIST_FILE = "IncidentReporTests/IncidentReporTests-Info.plist";
				PRODUCT_NAME = "$(TARGET_NAME)";
				TEST_HOST = "$(BUNDLE_LOADER)";
				WRAPPER_EXTENSION = octest;
			};
			name = Release;
		};
/* End XCBuildConfiguration section */

/* Begin XCConfigurationList section */
		A92847C316505B52008CD998 /* Build configuration list for PBXProject "IncidentRepor" */ = {
			isa = XCConfigurationList;
			buildConfigurations = (
				A928480316505B52008CD998 /* Debug */,
				A928480416505B52008CD998 /* Release */,
			);
			defaultConfigurationIsVisible = 0;
			defaultConfigurationName = Release;
		};
		A928480516505B52008CD998 /* Build configuration list for PBXNativeTarget "IncidentRepor" */ = {
			isa = XCConfigurationList;
			buildConfigurations = (
				A928480616505B52008CD998 /* Debug */,
				A928480716505B52008CD998 /* Release */,
			);
			defaultConfigurationIsVisible = 0;
		};
		A928480816505B52008CD998 /* Build configuration list for PBXNativeTarget "IncidentReporTests" */ = {
			isa = XCConfigurationList;
			buildConfigurations = (
				A928480916505B52008CD998 /* Debug */,
				A928480A16505B52008CD998 /* Release */,
			);
			defaultConfigurationIsVisible = 0;
		};
/* End XCConfigurationList section */
	};
	rootObject = A92847C016505B52008CD998 /* Project object */;
}
