// !$*UTF8*$!
{
	archiveVersion = 1;
	classes = {
	};
	objectVersion = 46;
	objects = {

/* Begin PBXBuildFile section */
		41D8D778164F23F6006631DA /* UIKit.framework in Frameworks */ = {isa = PBXBuildFile; fileRef = 41D8D777164F23F6006631DA /* UIKit.framework */; };
		41D8D77A164F23F6006631DA /* Foundation.framework in Frameworks */ = {isa = PBXBuildFile; fileRef = 41D8D779164F23F6006631DA /* Foundation.framework */; };
		41D8D77C164F23F6006631DA /* CoreGraphics.framework in Frameworks */ = {isa = PBXBuildFile; fileRef = 41D8D77B164F23F6006631DA /* CoreGraphics.framework */; };
		41D8D782164F23F6006631DA /* InfoPlist.strings in Resources */ = {isa = PBXBuildFile; fileRef = 41D8D780164F23F6006631DA /* InfoPlist.strings */; };
		41D8D784164F23F6006631DA /* main.m in Sources */ = {isa = PBXBuildFile; fileRef = 41D8D783164F23F6006631DA /* main.m */; };
		41D8D788164F23F6006631DA /* AppDelegate.m in Sources */ = {isa = PBXBuildFile; fileRef = 41D8D787164F23F6006631DA /* AppDelegate.m */; };
		41D8D78A164F23F6006631DA /* Default.png in Resources */ = {isa = PBXBuildFile; fileRef = 41D8D789164F23F6006631DA /* Default.png */; };
		41D8D78C164F23F6006631DA /* Default@2x.png in Resources */ = {isa = PBXBuildFile; fileRef = 41D8D78B164F23F6006631DA /* Default@2x.png */; };
		41D8D78E164F23F6006631DA /* Default-568h@2x.png in Resources */ = {isa = PBXBuildFile; fileRef = 41D8D78D164F23F6006631DA /* Default-568h@2x.png */; };
		41D8D791164F23F6006631DA /* MainStoryboard_iPhone.storyboard in Resources */ = {isa = PBXBuildFile; fileRef = 41D8D78F164F23F6006631DA /* MainStoryboard_iPhone.storyboard */; };
		41D8D794164F23F6006631DA /* MainStoryboard_iPad.storyboard in Resources */ = {isa = PBXBuildFile; fileRef = 41D8D792164F23F6006631DA /* MainStoryboard_iPad.storyboard */; };
		41D8D797164F23F6006631DA /* ViewController.m in Sources */ = {isa = PBXBuildFile; fileRef = 41D8D796164F23F6006631DA /* ViewController.m */; };
		41D8D79F164F23F6006631DA /* SenTestingKit.framework in Frameworks */ = {isa = PBXBuildFile; fileRef = 41D8D79E164F23F6006631DA /* SenTestingKit.framework */; };
		41D8D7A0164F23F6006631DA /* UIKit.framework in Frameworks */ = {isa = PBXBuildFile; fileRef = 41D8D777164F23F6006631DA /* UIKit.framework */; };
		41D8D7A1164F23F6006631DA /* Foundation.framework in Frameworks */ = {isa = PBXBuildFile; fileRef = 41D8D779164F23F6006631DA /* Foundation.framework */; };
		41D8D7A9164F23F6006631DA /* InfoPlist.strings in Resources */ = {isa = PBXBuildFile; fileRef = 41D8D7A7164F23F6006631DA /* InfoPlist.strings */; };
		41D8D7AC164F23F6006631DA /* helloworldTests.m in Sources */ = {isa = PBXBuildFile; fileRef = 41D8D7AB164F23F6006631DA /* helloworldTests.m */; };
/* End PBXBuildFile section */

/* Begin PBXContainerItemProxy section */
		41D8D7A2164F23F6006631DA /* PBXContainerItemProxy */ = {
			isa = PBXContainerItemProxy;
			containerPortal = 41D8D76A164F23F6006631DA /* Project object */;
			proxyType = 1;
			remoteGlobalIDString = 41D8D772164F23F6006631DA;
			remoteInfo = helloworld;
		};
/* End PBXContainerItemProxy section */

/* Begin PBXFileReference section */
		41D8D773164F23F6006631DA /* helloworld.app */ = {isa = PBXFileReference; explicitFileType = wrapper.application; includeInIndex = 0; path = helloworld.app; sourceTree = BUILT_PRODUCTS_DIR; };
		41D8D777164F23F6006631DA /* UIKit.framework */ = {isa = PBXFileReference; lastKnownFileType = wrapper.framework; name = UIKit.framework; path = System/Library/Frameworks/UIKit.framework; sourceTree = SDKROOT; };
		41D8D779164F23F6006631DA /* Foundation.framework */ = {isa = PBXFileReference; lastKnownFileType = wrapper.framework; name = Foundation.framework; path = System/Library/Frameworks/Foundation.framework; sourceTree = SDKROOT; };
		41D8D77B164F23F6006631DA /* CoreGraphics.framework */ = {isa = PBXFileReference; lastKnownFileType = wrapper.framework; name = CoreGraphics.framework; path = System/Library/Frameworks/CoreGraphics.framework; sourceTree = SDKROOT; };
		41D8D77F164F23F6006631DA /* helloworld-Info.plist */ = {isa = PBXFileReference; lastKnownFileType = text.plist.xml; path = "helloworld-Info.plist"; sourceTree = "<group>"; };
		41D8D781164F23F6006631DA /* en */ = {isa = PBXFileReference; lastKnownFileType = text.plist.strings; name = en; path = en.lproj/InfoPlist.strings; sourceTree = "<group>"; };
		41D8D783164F23F6006631DA /* main.m */ = {isa = PBXFileReference; lastKnownFileType = sourcecode.c.objc; path = main.m; sourceTree = "<group>"; };
		41D8D785164F23F6006631DA /* helloworld-Prefix.pch */ = {isa = PBXFileReference; lastKnownFileType = sourcecode.c.h; path = "helloworld-Prefix.pch"; sourceTree = "<group>"; };
		41D8D786164F23F6006631DA /* AppDelegate.h */ = {isa = PBXFileReference; lastKnownFileType = sourcecode.c.h; path = AppDelegate.h; sourceTree = "<group>"; };
		41D8D787164F23F6006631DA /* AppDelegate.m */ = {isa = PBXFileReference; lastKnownFileType = sourcecode.c.objc; path = AppDelegate.m; sourceTree = "<group>"; };
		41D8D789164F23F6006631DA /* Default.png */ = {isa = PBXFileReference; lastKnownFileType = image.png; path = Default.png; sourceTree = "<group>"; };
		41D8D78B164F23F6006631DA /* Default@2x.png */ = {isa = PBXFileReference; lastKnownFileType = image.png; path = "Default@2x.png"; sourceTree = "<group>"; };
		41D8D78D164F23F6006631DA /* Default-568h@2x.png */ = {isa = PBXFileReference; lastKnownFileType = image.png; path = "Default-568h@2x.png"; sourceTree = "<group>"; };
		41D8D790164F23F6006631DA /* en */ = {isa = PBXFileReference; lastKnownFileType = file.storyboard; name = en; path = en.lproj/MainStoryboard_iPhone.storyboard; sourceTree = "<group>"; };
		41D8D793164F23F6006631DA /* en */ = {isa = PBXFileReference; lastKnownFileType = file.storyboard; name = en; path = en.lproj/MainStoryboard_iPad.storyboard; sourceTree = "<group>"; };
		41D8D795164F23F6006631DA /* ViewController.h */ = {isa = PBXFileReference; lastKnownFileType = sourcecode.c.h; path = ViewController.h; sourceTree = "<group>"; };
		41D8D796164F23F6006631DA /* ViewController.m */ = {isa = PBXFileReference; lastKnownFileType = sourcecode.c.objc; path = ViewController.m; sourceTree = "<group>"; };
		41D8D79D164F23F6006631DA /* helloworldTests.octest */ = {isa = PBXFileReference; explicitFileType = wrapper.cfbundle; includeInIndex = 0; path = helloworldTests.octest; sourceTree = BUILT_PRODUCTS_DIR; };
		41D8D79E164F23F6006631DA /* SenTestingKit.framework */ = {isa = PBXFileReference; lastKnownFileType = wrapper.framework; name = SenTestingKit.framework; path = Library/Frameworks/SenTestingKit.framework; sourceTree = DEVELOPER_DIR; };
		41D8D7A6164F23F6006631DA /* helloworldTests-Info.plist */ = {isa = PBXFileReference; lastKnownFileType = text.plist.xml; path = "helloworldTests-Info.plist"; sourceTree = "<group>"; };
		41D8D7A8164F23F6006631DA /* en */ = {isa = PBXFileReference; lastKnownFileType = text.plist.strings; name = en; path = en.lproj/InfoPlist.strings; sourceTree = "<group>"; };
		41D8D7AA164F23F6006631DA /* helloworldTests.h */ = {isa = PBXFileReference; lastKnownFileType = sourcecode.c.h; path = helloworldTests.h; sourceTree = "<group>"; };
		41D8D7AB164F23F6006631DA /* helloworldTests.m */ = {isa = PBXFileReference; lastKnownFileType = sourcecode.c.objc; path = helloworldTests.m; sourceTree = "<group>"; };
/* End PBXFileReference section */

/* Begin PBXFrameworksBuildPhase section */
		41D8D770164F23F6006631DA /* Frameworks */ = {
			isa = PBXFrameworksBuildPhase;
			buildActionMask = 2147483647;
			files = (
				41D8D778164F23F6006631DA /* UIKit.framework in Frameworks */,
				41D8D77A164F23F6006631DA /* Foundation.framework in Frameworks */,
				41D8D77C164F23F6006631DA /* CoreGraphics.framework in Frameworks */,
			);
			runOnlyForDeploymentPostprocessing = 0;
		};
		41D8D799164F23F6006631DA /* Frameworks */ = {
			isa = PBXFrameworksBuildPhase;
			buildActionMask = 2147483647;
			files = (
				41D8D79F164F23F6006631DA /* SenTestingKit.framework in Frameworks */,
				41D8D7A0164F23F6006631DA /* UIKit.framework in Frameworks */,
				41D8D7A1164F23F6006631DA /* Foundation.framework in Frameworks */,
			);
			runOnlyForDeploymentPostprocessing = 0;
		};
/* End PBXFrameworksBuildPhase section */

/* Begin PBXGroup section */
		41D8D768164F23F6006631DA = {
			isa = PBXGroup;
			children = (
				41D8D77D164F23F6006631DA /* helloworld */,
				41D8D7A4164F23F6006631DA /* helloworldTests */,
				41D8D776164F23F6006631DA /* Frameworks */,
				41D8D774164F23F6006631DA /* Products */,
			);
			sourceTree = "<group>";
		};
		41D8D774164F23F6006631DA /* Products */ = {
			isa = PBXGroup;
			children = (
				41D8D773164F23F6006631DA /* helloworld.app */,
				41D8D79D164F23F6006631DA /* helloworldTests.octest */,
			);
			name = Products;
			sourceTree = "<group>";
		};
		41D8D776164F23F6006631DA /* Frameworks */ = {
			isa = PBXGroup;
			children = (
				41D8D777164F23F6006631DA /* UIKit.framework */,
				41D8D779164F23F6006631DA /* Foundation.framework */,
				41D8D77B164F23F6006631DA /* CoreGraphics.framework */,
				41D8D79E164F23F6006631DA /* SenTestingKit.framework */,
			);
			name = Frameworks;
			sourceTree = "<group>";
		};
		41D8D77D164F23F6006631DA /* helloworld */ = {
			isa = PBXGroup;
			children = (
				41D8D786164F23F6006631DA /* AppDelegate.h */,
				41D8D787164F23F6006631DA /* AppDelegate.m */,
				41D8D78F164F23F6006631DA /* MainStoryboard_iPhone.storyboard */,
				41D8D792164F23F6006631DA /* MainStoryboard_iPad.storyboard */,
				41D8D795164F23F6006631DA /* ViewController.h */,
				41D8D796164F23F6006631DA /* ViewController.m */,
				41D8D77E164F23F6006631DA /* Supporting Files */,
			);
			path = helloworld;
			sourceTree = "<group>";
		};
		41D8D77E164F23F6006631DA /* Supporting Files */ = {
			isa = PBXGroup;
			children = (
				41D8D77F164F23F6006631DA /* helloworld-Info.plist */,
				41D8D780164F23F6006631DA /* InfoPlist.strings */,
				41D8D783164F23F6006631DA /* main.m */,
				41D8D785164F23F6006631DA /* helloworld-Prefix.pch */,
				41D8D789164F23F6006631DA /* Default.png */,
				41D8D78B164F23F6006631DA /* Default@2x.png */,
				41D8D78D164F23F6006631DA /* Default-568h@2x.png */,
			);
			name = "Supporting Files";
			sourceTree = "<group>";
		};
		41D8D7A4164F23F6006631DA /* helloworldTests */ = {
			isa = PBXGroup;
			children = (
				41D8D7AA164F23F6006631DA /* helloworldTests.h */,
				41D8D7AB164F23F6006631DA /* helloworldTests.m */,
				41D8D7A5164F23F6006631DA /* Supporting Files */,
			);
			path = helloworldTests;
			sourceTree = "<group>";
		};
		41D8D7A5164F23F6006631DA /* Supporting Files */ = {
			isa = PBXGroup;
			children = (
				41D8D7A6164F23F6006631DA /* helloworldTests-Info.plist */,
				41D8D7A7164F23F6006631DA /* InfoPlist.strings */,
			);
			name = "Supporting Files";
			sourceTree = "<group>";
		};
/* End PBXGroup section */

/* Begin PBXNativeTarget section */
		41D8D772164F23F6006631DA /* helloworld */ = {
			isa = PBXNativeTarget;
			buildConfigurationList = 41D8D7AF164F23F6006631DA /* Build configuration list for PBXNativeTarget "helloworld" */;
			buildPhases = (
				41D8D76F164F23F6006631DA /* Sources */,
				41D8D770164F23F6006631DA /* Frameworks */,
				41D8D771164F23F6006631DA /* Resources */,
			);
			buildRules = (
			);
			dependencies = (
			);
			name = helloworld;
			productName = helloworld;
			productReference = 41D8D773164F23F6006631DA /* helloworld.app */;
			productType = "com.apple.product-type.application";
		};
		41D8D79C164F23F6006631DA /* helloworldTests */ = {
			isa = PBXNativeTarget;
			buildConfigurationList = 41D8D7B2164F23F6006631DA /* Build configuration list for PBXNativeTarget "helloworldTests" */;
			buildPhases = (
				41D8D798164F23F6006631DA /* Sources */,
				41D8D799164F23F6006631DA /* Frameworks */,
				41D8D79A164F23F6006631DA /* Resources */,
				41D8D79B164F23F6006631DA /* ShellScript */,
			);
			buildRules = (
			);
			dependencies = (
				41D8D7A3164F23F6006631DA /* PBXTargetDependency */,
			);
			name = helloworldTests;
			productName = helloworldTests;
			productReference = 41D8D79D164F23F6006631DA /* helloworldTests.octest */;
			productType = "com.apple.product-type.bundle";
		};
/* End PBXNativeTarget section */

/* Begin PBXProject section */
		41D8D76A164F23F6006631DA /* Project object */ = {
			isa = PBXProject;
			attributes = {
				LastUpgradeCheck = 0450;
				ORGANIZATIONNAME = "App Jam";
			};
			buildConfigurationList = 41D8D76D164F23F6006631DA /* Build configuration list for PBXProject "helloworld" */;
			compatibilityVersion = "Xcode 3.2";
			developmentRegion = English;
			hasScannedForEncodings = 0;
			knownRegions = (
				en,
			);
			mainGroup = 41D8D768164F23F6006631DA;
			productRefGroup = 41D8D774164F23F6006631DA /* Products */;
			projectDirPath = "";
			projectRoot = "";
			targets = (
				41D8D772164F23F6006631DA /* helloworld */,
				41D8D79C164F23F6006631DA /* helloworldTests */,
			);
		};
/* End PBXProject section */

/* Begin PBXResourcesBuildPhase section */
		41D8D771164F23F6006631DA /* Resources */ = {
			isa = PBXResourcesBuildPhase;
			buildActionMask = 2147483647;
			files = (
				41D8D782164F23F6006631DA /* InfoPlist.strings in Resources */,
				41D8D78A164F23F6006631DA /* Default.png in Resources */,
				41D8D78C164F23F6006631DA /* Default@2x.png in Resources */,
				41D8D78E164F23F6006631DA /* Default-568h@2x.png in Resources */,
				41D8D791164F23F6006631DA /* MainStoryboard_iPhone.storyboard in Resources */,
				41D8D794164F23F6006631DA /* MainStoryboard_iPad.storyboard in Resources */,
			);
			runOnlyForDeploymentPostprocessing = 0;
		};
		41D8D79A164F23F6006631DA /* Resources */ = {
			isa = PBXResourcesBuildPhase;
			buildActionMask = 2147483647;
			files = (
				41D8D7A9164F23F6006631DA /* InfoPlist.strings in Resources */,
			);
			runOnlyForDeploymentPostprocessing = 0;
		};
/* End PBXResourcesBuildPhase section */

/* Begin PBXShellScriptBuildPhase section */
		41D8D79B164F23F6006631DA /* ShellScript */ = {
			isa = PBXShellScriptBuildPhase;
			buildActionMask = 2147483647;
			files = (
			);
			inputPaths = (
			);
			outputPaths = (
			);
			runOnlyForDeploymentPostprocessing = 0;
			shellPath = /bin/sh;
			shellScript = "# Run the unit tests in this test bundle.\n\"${SYSTEM_DEVELOPER_DIR}/Tools/RunUnitTests\"\n";
		};
/* End PBXShellScriptBuildPhase section */

/* Begin PBXSourcesBuildPhase section */
		41D8D76F164F23F6006631DA /* Sources */ = {
			isa = PBXSourcesBuildPhase;
			buildActionMask = 2147483647;
			files = (
				41D8D784164F23F6006631DA /* main.m in Sources */,
				41D8D788164F23F6006631DA /* AppDelegate.m in Sources */,
				41D8D797164F23F6006631DA /* ViewController.m in Sources */,
			);
			runOnlyForDeploymentPostprocessing = 0;
		};
		41D8D798164F23F6006631DA /* Sources */ = {
			isa = PBXSourcesBuildPhase;
			buildActionMask = 2147483647;
			files = (
				41D8D7AC164F23F6006631DA /* helloworldTests.m in Sources */,
			);
			runOnlyForDeploymentPostprocessing = 0;
		};
/* End PBXSourcesBuildPhase section */

/* Begin PBXTargetDependency section */
		41D8D7A3164F23F6006631DA /* PBXTargetDependency */ = {
			isa = PBXTargetDependency;
			target = 41D8D772164F23F6006631DA /* helloworld */;
			targetProxy = 41D8D7A2164F23F6006631DA /* PBXContainerItemProxy */;
		};
/* End PBXTargetDependency section */

/* Begin PBXVariantGroup section */
		41D8D780164F23F6006631DA /* InfoPlist.strings */ = {
			isa = PBXVariantGroup;
			children = (
				41D8D781164F23F6006631DA /* en */,
			);
			name = InfoPlist.strings;
			sourceTree = "<group>";
		};
		41D8D78F164F23F6006631DA /* MainStoryboard_iPhone.storyboard */ = {
			isa = PBXVariantGroup;
			children = (
				41D8D790164F23F6006631DA /* en */,
			);
			name = MainStoryboard_iPhone.storyboard;
			sourceTree = "<group>";
		};
		41D8D792164F23F6006631DA /* MainStoryboard_iPad.storyboard */ = {
			isa = PBXVariantGroup;
			children = (
				41D8D793164F23F6006631DA /* en */,
			);
			name = MainStoryboard_iPad.storyboard;
			sourceTree = "<group>";
		};
		41D8D7A7164F23F6006631DA /* InfoPlist.strings */ = {
			isa = PBXVariantGroup;
			children = (
				41D8D7A8164F23F6006631DA /* en */,
			);
			name = InfoPlist.strings;
			sourceTree = "<group>";
		};
/* End PBXVariantGroup section */

/* Begin XCBuildConfiguration section */
		41D8D7AD164F23F6006631DA /* Debug */ = {
			isa = XCBuildConfiguration;
			buildSettings = {
				ALWAYS_SEARCH_USER_PATHS = NO;
				CLANG_CXX_LANGUAGE_STANDARD = "gnu++0x";
				CLANG_CXX_LIBRARY = "libc++";
				CLANG_ENABLE_OBJC_ARC = YES;
				CLANG_WARN_EMPTY_BODY = YES;
				CLANG_WARN__DUPLICATE_METHOD_MATCH = YES;
				"CODE_SIGN_IDENTITY[sdk=iphoneos*]" = "iPhone Developer";
				COPY_PHASE_STRIP = NO;
				GCC_C_LANGUAGE_STANDARD = gnu99;
				GCC_DYNAMIC_NO_PIC = NO;
				GCC_OPTIMIZATION_LEVEL = 0;
				GCC_PREPROCESSOR_DEFINITIONS = (
					"DEBUG=1",
					"$(inherited)",
				);
				GCC_SYMBOLS_PRIVATE_EXTERN = NO;
				GCC_WARN_ABOUT_RETURN_TYPE = YES;
				GCC_WARN_UNINITIALIZED_AUTOS = YES;
				GCC_WARN_UNUSED_VARIABLE = YES;
				IPHONEOS_DEPLOYMENT_TARGET = 6.0;
				ONLY_ACTIVE_ARCH = YES;
				SDKROOT = iphoneos;
				TARGETED_DEVICE_FAMILY = "1,2";
			};
			name = Debug;
		};
		41D8D7AE164F23F6006631DA /* Release */ = {
			isa = XCBuildConfiguration;
			buildSettings = {
				ALWAYS_SEARCH_USER_PATHS = NO;
				CLANG_CXX_LANGUAGE_STANDARD = "gnu++0x";
				CLANG_CXX_LIBRARY = "libc++";
				CLANG_ENABLE_OBJC_ARC = YES;
				CLANG_WARN_EMPTY_BODY = YES;
				CLANG_WARN__DUPLICATE_METHOD_MATCH = YES;
				"CODE_SIGN_IDENTITY[sdk=iphoneos*]" = "iPhone Developer";
				COPY_PHASE_STRIP = YES;
				GCC_C_LANGUAGE_STANDARD = gnu99;
				GCC_WARN_ABOUT_RETURN_TYPE = YES;
				GCC_WARN_UNINITIALIZED_AUTOS = YES;
				GCC_WARN_UNUSED_VARIABLE = YES;
				IPHONEOS_DEPLOYMENT_TARGET = 6.0;
				OTHER_CFLAGS = "-DNS_BLOCK_ASSERTIONS=1";
				SDKROOT = iphoneos;
				TARGETED_DEVICE_FAMILY = "1,2";
				VALIDATE_PRODUCT = YES;
			};
			name = Release;
		};
		41D8D7B0164F23F6006631DA /* Debug */ = {
			isa = XCBuildConfiguration;
			buildSettings = {
				GCC_PRECOMPILE_PREFIX_HEADER = YES;
				GCC_PREFIX_HEADER = "helloworld/helloworld-Prefix.pch";
				INFOPLIST_FILE = "helloworld/helloworld-Info.plist";
				PRODUCT_NAME = "$(TARGET_NAME)";
				WRAPPER_EXTENSION = app;
			};
			name = Debug;
		};
		41D8D7B1164F23F6006631DA /* Release */ = {
			isa = XCBuildConfiguration;
			buildSettings = {
				GCC_PRECOMPILE_PREFIX_HEADER = YES;
				GCC_PREFIX_HEADER = "helloworld/helloworld-Prefix.pch";
				INFOPLIST_FILE = "helloworld/helloworld-Info.plist";
				PRODUCT_NAME = "$(TARGET_NAME)";
				WRAPPER_EXTENSION = app;
			};
			name = Release;
		};
		41D8D7B3164F23F6006631DA /* Debug */ = {
			isa = XCBuildConfiguration;
			buildSettings = {
				BUNDLE_LOADER = "$(BUILT_PRODUCTS_DIR)/helloworld.app/helloworld";
				FRAMEWORK_SEARCH_PATHS = (
					"\"$(SDKROOT)/Developer/Library/Frameworks\"",
					"\"$(DEVELOPER_LIBRARY_DIR)/Frameworks\"",
				);
				GCC_PRECOMPILE_PREFIX_HEADER = YES;
				GCC_PREFIX_HEADER = "helloworld/helloworld-Prefix.pch";
				INFOPLIST_FILE = "helloworldTests/helloworldTests-Info.plist";
				PRODUCT_NAME = "$(TARGET_NAME)";
				TEST_HOST = "$(BUNDLE_LOADER)";
				WRAPPER_EXTENSION = octest;
			};
			name = Debug;
		};
		41D8D7B4164F23F6006631DA /* Release */ = {
			isa = XCBuildConfiguration;
			buildSettings = {
				BUNDLE_LOADER = "$(BUILT_PRODUCTS_DIR)/helloworld.app/helloworld";
				FRAMEWORK_SEARCH_PATHS = (
					"\"$(SDKROOT)/Developer/Library/Frameworks\"",
					"\"$(DEVELOPER_LIBRARY_DIR)/Frameworks\"",
				);
				GCC_PRECOMPILE_PREFIX_HEADER = YES;
				GCC_PREFIX_HEADER = "helloworld/helloworld-Prefix.pch";
				INFOPLIST_FILE = "helloworldTests/helloworldTests-Info.plist";
				PRODUCT_NAME = "$(TARGET_NAME)";
				TEST_HOST = "$(BUNDLE_LOADER)";
				WRAPPER_EXTENSION = octest;
			};
			name = Release;
		};
/* End XCBuildConfiguration section */

/* Begin XCConfigurationList section */
		41D8D76D164F23F6006631DA /* Build configuration list for PBXProject "helloworld" */ = {
			isa = XCConfigurationList;
			buildConfigurations = (
				41D8D7AD164F23F6006631DA /* Debug */,
				41D8D7AE164F23F6006631DA /* Release */,
			);
			defaultConfigurationIsVisible = 0;
			defaultConfigurationName = Release;
		};
		41D8D7AF164F23F6006631DA /* Build configuration list for PBXNativeTarget "helloworld" */ = {
			isa = XCConfigurationList;
			buildConfigurations = (
				41D8D7B0164F23F6006631DA /* Debug */,
				41D8D7B1164F23F6006631DA /* Release */,
			);
			defaultConfigurationIsVisible = 0;
		};
		41D8D7B2164F23F6006631DA /* Build configuration list for PBXNativeTarget "helloworldTests" */ = {
			isa = XCConfigurationList;
			buildConfigurations = (
				41D8D7B3164F23F6006631DA /* Debug */,
				41D8D7B4164F23F6006631DA /* Release */,
			);
			defaultConfigurationIsVisible = 0;
		};
/* End XCConfigurationList section */
	};
	rootObject = 41D8D76A164F23F6006631DA /* Project object */;
}
